// !$*UTF8*$!
{
	archiveVersion = 1;
	classes = {
	};
	objectVersion = 50;
	objects = {

/* Begin PBXBuildFile section */
		11523B1208668BE795CF574E /* libPods-ZHTuChongTests.a in Frameworks */ = {isa = PBXBuildFile; fileRef = 1F188A9EAA4D75E236B643DF /* libPods-ZHTuChongTests.a */; };
		7FC4DD7AF54C98C4B6801301 /* libPods-ZHTuChong.a in Frameworks */ = {isa = PBXBuildFile; fileRef = 9CEB76839CD558BDCD3127AA /* libPods-ZHTuChong.a */; };
		98F9399521B106A600C73993 /* AppDelegate.m in Sources */ = {isa = PBXBuildFile; fileRef = 98F9399421B106A600C73993 /* AppDelegate.m */; };
		98F9399821B106A600C73993 /* ViewController.m in Sources */ = {isa = PBXBuildFile; fileRef = 98F9399721B106A600C73993 /* ViewController.m */; };
		98F9399B21B106A600C73993 /* Main.storyboard in Resources */ = {isa = PBXBuildFile; fileRef = 98F9399921B106A600C73993 /* Main.storyboard */; };
		98F9399D21B106A700C73993 /* Assets.xcassets in Resources */ = {isa = PBXBuildFile; fileRef = 98F9399C21B106A700C73993 /* Assets.xcassets */; };
		98F939A021B106A700C73993 /* LaunchScreen.storyboard in Resources */ = {isa = PBXBuildFile; fileRef = 98F9399E21B106A700C73993 /* LaunchScreen.storyboard */; };
		98F939A321B106A700C73993 /* main.m in Sources */ = {isa = PBXBuildFile; fileRef = 98F939A221B106A700C73993 /* main.m */; };
		98F939AD21B106A700C73993 /* ZHTuChongTests.m in Sources */ = {isa = PBXBuildFile; fileRef = 98F939AC21B106A700C73993 /* ZHTuChongTests.m */; };
		98F939B821B106A700C73993 /* ZHTuChongUITests.m in Sources */ = {isa = PBXBuildFile; fileRef = 98F939B721B106A700C73993 /* ZHTuChongUITests.m */; };
		98F93A0521B2775D00C73993 /* ZHScrollMenu.m in Sources */ = {isa = PBXBuildFile; fileRef = 98F93A0421B2775D00C73993 /* ZHScrollMenu.m */; };
		98F93A0921B29B7700C73993 /* ZHScrollTitlesCollectionViewCell.m in Sources */ = {isa = PBXBuildFile; fileRef = 98F93A0721B29B7700C73993 /* ZHScrollTitlesCollectionViewCell.m */; };
		98F93A0A21B29B7700C73993 /* ZHScrollTitlesCollectionViewCell.xib in Resources */ = {isa = PBXBuildFile; fileRef = 98F93A0821B29B7700C73993 /* ZHScrollTitlesCollectionViewCell.xib */; };
		C27FA087D2EC36AD76DCB7CE /* libPods-ZHTuChongUITests.a in Frameworks */ = {isa = PBXBuildFile; fileRef = 72100BAA18A9BFF6D1B908A3 /* libPods-ZHTuChongUITests.a */; };
/* End PBXBuildFile section */

/* Begin PBXContainerItemProxy section */
		98F939A921B106A700C73993 /* PBXContainerItemProxy */ = {
			isa = PBXContainerItemProxy;
			containerPortal = 98F9398821B106A600C73993 /* Project object */;
			proxyType = 1;
			remoteGlobalIDString = 98F9398F21B106A600C73993;
			remoteInfo = ZHTuChong;
		};
		98F939B421B106A700C73993 /* PBXContainerItemProxy */ = {
			isa = PBXContainerItemProxy;
			containerPortal = 98F9398821B106A600C73993 /* Project object */;
			proxyType = 1;
			remoteGlobalIDString = 98F9398F21B106A600C73993;
			remoteInfo = ZHTuChong;
		};
/* End PBXContainerItemProxy section */

/* Begin PBXFileReference section */
		0E09BBDE1BD8DC4A235276EC /* Pods-ZHTuChong.debug.xcconfig */ = {isa = PBXFileReference; includeInIndex = 1; lastKnownFileType = text.xcconfig; name = "Pods-ZHTuChong.debug.xcconfig"; path = "Pods/Target Support Files/Pods-ZHTuChong/Pods-ZHTuChong.debug.xcconfig"; sourceTree = "<group>"; };
		1F188A9EAA4D75E236B643DF /* libPods-ZHTuChongTests.a */ = {isa = PBXFileReference; explicitFileType = archive.ar; includeInIndex = 0; path = "libPods-ZHTuChongTests.a"; sourceTree = BUILT_PRODUCTS_DIR; };
		48027454B4B0FD592B654034 /* Pods-ZHTuChongUITests.release.xcconfig */ = {isa = PBXFileReference; includeInIndex = 1; lastKnownFileType = text.xcconfig; name = "Pods-ZHTuChongUITests.release.xcconfig"; path = "Pods/Target Support Files/Pods-ZHTuChongUITests/Pods-ZHTuChongUITests.release.xcconfig"; sourceTree = "<group>"; };
		72100BAA18A9BFF6D1B908A3 /* libPods-ZHTuChongUITests.a */ = {isa = PBXFileReference; explicitFileType = archive.ar; includeInIndex = 0; path = "libPods-ZHTuChongUITests.a"; sourceTree = BUILT_PRODUCTS_DIR; };
		7B4ED7914B178E9C0EB3F23B /* Pods-ZHTuChongTests.release.xcconfig */ = {isa = PBXFileReference; includeInIndex = 1; lastKnownFileType = text.xcconfig; name = "Pods-ZHTuChongTests.release.xcconfig"; path = "Pods/Target Support Files/Pods-ZHTuChongTests/Pods-ZHTuChongTests.release.xcconfig"; sourceTree = "<group>"; };
		906297617067BCC698F0B25E /* Pods-ZHTuChongTests.debug.xcconfig */ = {isa = PBXFileReference; includeInIndex = 1; lastKnownFileType = text.xcconfig; name = "Pods-ZHTuChongTests.debug.xcconfig"; path = "Pods/Target Support Files/Pods-ZHTuChongTests/Pods-ZHTuChongTests.debug.xcconfig"; sourceTree = "<group>"; };
		98F9399021B106A600C73993 /* ZHTuChong.app */ = {isa = PBXFileReference; explicitFileType = wrapper.application; includeInIndex = 0; path = ZHTuChong.app; sourceTree = BUILT_PRODUCTS_DIR; };
		98F9399321B106A600C73993 /* AppDelegate.h */ = {isa = PBXFileReference; lastKnownFileType = sourcecode.c.h; path = AppDelegate.h; sourceTree = "<group>"; };
		98F9399421B106A600C73993 /* AppDelegate.m */ = {isa = PBXFileReference; lastKnownFileType = sourcecode.c.objc; path = AppDelegate.m; sourceTree = "<group>"; };
		98F9399621B106A600C73993 /* ViewController.h */ = {isa = PBXFileReference; lastKnownFileType = sourcecode.c.h; path = ViewController.h; sourceTree = "<group>"; };
		98F9399721B106A600C73993 /* ViewController.m */ = {isa = PBXFileReference; lastKnownFileType = sourcecode.c.objc; path = ViewController.m; sourceTree = "<group>"; };
		98F9399A21B106A600C73993 /* Base */ = {isa = PBXFileReference; lastKnownFileType = file.storyboard; name = Base; path = Base.lproj/Main.storyboard; sourceTree = "<group>"; };
		98F9399C21B106A700C73993 /* Assets.xcassets */ = {isa = PBXFileReference; lastKnownFileType = folder.assetcatalog; path = Assets.xcassets; sourceTree = "<group>"; };
		98F9399F21B106A700C73993 /* Base */ = {isa = PBXFileReference; lastKnownFileType = file.storyboard; name = Base; path = Base.lproj/LaunchScreen.storyboard; sourceTree = "<group>"; };
		98F939A121B106A700C73993 /* Info.plist */ = {isa = PBXFileReference; lastKnownFileType = text.plist.xml; path = Info.plist; sourceTree = "<group>"; };
		98F939A221B106A700C73993 /* main.m */ = {isa = PBXFileReference; lastKnownFileType = sourcecode.c.objc; path = main.m; sourceTree = "<group>"; };
		98F939A821B106A700C73993 /* ZHTuChongTests.xctest */ = {isa = PBXFileReference; explicitFileType = wrapper.cfbundle; includeInIndex = 0; path = ZHTuChongTests.xctest; sourceTree = BUILT_PRODUCTS_DIR; };
		98F939AC21B106A700C73993 /* ZHTuChongTests.m */ = {isa = PBXFileReference; lastKnownFileType = sourcecode.c.objc; path = ZHTuChongTests.m; sourceTree = "<group>"; };
		98F939AE21B106A700C73993 /* Info.plist */ = {isa = PBXFileReference; lastKnownFileType = text.plist.xml; path = Info.plist; sourceTree = "<group>"; };
		98F939B321B106A700C73993 /* ZHTuChongUITests.xctest */ = {isa = PBXFileReference; explicitFileType = wrapper.cfbundle; includeInIndex = 0; path = ZHTuChongUITests.xctest; sourceTree = BUILT_PRODUCTS_DIR; };
		98F939B721B106A700C73993 /* ZHTuChongUITests.m */ = {isa = PBXFileReference; lastKnownFileType = sourcecode.c.objc; path = ZHTuChongUITests.m; sourceTree = "<group>"; };
		98F939B921B106A700C73993 /* Info.plist */ = {isa = PBXFileReference; lastKnownFileType = text.plist.xml; path = Info.plist; sourceTree = "<group>"; };
		98F93A0321B2775D00C73993 /* ZHScrollMenu.h */ = {isa = PBXFileReference; lastKnownFileType = sourcecode.c.h; path = ZHScrollMenu.h; sourceTree = "<group>"; };
		98F93A0421B2775D00C73993 /* ZHScrollMenu.m */ = {isa = PBXFileReference; lastKnownFileType = sourcecode.c.objc; path = ZHScrollMenu.m; sourceTree = "<group>"; };
		98F93A0621B29B7700C73993 /* ZHScrollTitlesCollectionViewCell.h */ = {isa = PBXFileReference; lastKnownFileType = sourcecode.c.h; path = ZHScrollTitlesCollectionViewCell.h; sourceTree = "<group>"; };
		98F93A0721B29B7700C73993 /* ZHScrollTitlesCollectionViewCell.m */ = {isa = PBXFileReference; lastKnownFileType = sourcecode.c.objc; path = ZHScrollTitlesCollectionViewCell.m; sourceTree = "<group>"; };
		98F93A0821B29B7700C73993 /* ZHScrollTitlesCollectionViewCell.xib */ = {isa = PBXFileReference; lastKnownFileType = file.xib; path = ZHScrollTitlesCollectionViewCell.xib; sourceTree = "<group>"; };
		9CEB76839CD558BDCD3127AA /* libPods-ZHTuChong.a */ = {isa = PBXFileReference; explicitFileType = archive.ar; includeInIndex = 0; path = "libPods-ZHTuChong.a"; sourceTree = BUILT_PRODUCTS_DIR; };
		C6F1EACD13063E811DDF3306 /* Pods-ZHTuChong.release.xcconfig */ = {isa = PBXFileReference; includeInIndex = 1; lastKnownFileType = text.xcconfig; name = "Pods-ZHTuChong.release.xcconfig"; path = "Pods/Target Support Files/Pods-ZHTuChong/Pods-ZHTuChong.release.xcconfig"; sourceTree = "<group>"; };
		F3861D1DF2D3545FDD0D5A0D /* Pods-ZHTuChongUITests.debug.xcconfig */ = {isa = PBXFileReference; includeInIndex = 1; lastKnownFileType = text.xcconfig; name = "Pods-ZHTuChongUITests.debug.xcconfig"; path = "Pods/Target Support Files/Pods-ZHTuChongUITests/Pods-ZHTuChongUITests.debug.xcconfig"; sourceTree = "<group>"; };
/* End PBXFileReference section */

/* Begin PBXFrameworksBuildPhase section */
		98F9398D21B106A600C73993 /* Frameworks */ = {
			isa = PBXFrameworksBuildPhase;
			buildActionMask = 2147483647;
			files = (
				7FC4DD7AF54C98C4B6801301 /* libPods-ZHTuChong.a in Frameworks */,
			);
			runOnlyForDeploymentPostprocessing = 0;
		};
		98F939A521B106A700C73993 /* Frameworks */ = {
			isa = PBXFrameworksBuildPhase;
			buildActionMask = 2147483647;
			files = (
				11523B1208668BE795CF574E /* libPods-ZHTuChongTests.a in Frameworks */,
			);
			runOnlyForDeploymentPostprocessing = 0;
		};
		98F939B021B106A700C73993 /* Frameworks */ = {
			isa = PBXFrameworksBuildPhase;
			buildActionMask = 2147483647;
			files = (
				C27FA087D2EC36AD76DCB7CE /* libPods-ZHTuChongUITests.a in Frameworks */,
			);
			runOnlyForDeploymentPostprocessing = 0;
		};
/* End PBXFrameworksBuildPhase section */

/* Begin PBXGroup section */
		552D17E8D12545DC1C72A816 /* Frameworks */ = {
			isa = PBXGroup;
			children = (
				9CEB76839CD558BDCD3127AA /* libPods-ZHTuChong.a */,
				1F188A9EAA4D75E236B643DF /* libPods-ZHTuChongTests.a */,
				72100BAA18A9BFF6D1B908A3 /* libPods-ZHTuChongUITests.a */,
			);
			name = Frameworks;
			sourceTree = "<group>";
		};
		98F9398721B106A600C73993 = {
			isa = PBXGroup;
			children = (
				98F9399221B106A600C73993 /* ZHTuChong */,
				98F939AB21B106A700C73993 /* ZHTuChongTests */,
				98F939B621B106A700C73993 /* ZHTuChongUITests */,
				98F9399121B106A600C73993 /* Products */,
				A11EFDA8815826C8EFE5D001 /* Pods */,
				552D17E8D12545DC1C72A816 /* Frameworks */,
			);
			sourceTree = "<group>";
		};
		98F9399121B106A600C73993 /* Products */ = {
			isa = PBXGroup;
			children = (
				98F9399021B106A600C73993 /* ZHTuChong.app */,
				98F939A821B106A700C73993 /* ZHTuChongTests.xctest */,
				98F939B321B106A700C73993 /* ZHTuChongUITests.xctest */,
			);
			name = Products;
			sourceTree = "<group>";
		};
		98F9399221B106A600C73993 /* ZHTuChong */ = {
			isa = PBXGroup;
			children = (
				98F93A0B21B3D84100C73993 /* ZHPagerView */,
				98F9399321B106A600C73993 /* AppDelegate.h */,
				98F9399421B106A600C73993 /* AppDelegate.m */,
				98F9399621B106A600C73993 /* ViewController.h */,
				98F9399721B106A600C73993 /* ViewController.m */,
				98F9399921B106A600C73993 /* Main.storyboard */,
				98F9399C21B106A700C73993 /* Assets.xcassets */,
				98F9399E21B106A700C73993 /* LaunchScreen.storyboard */,
				98F939A121B106A700C73993 /* Info.plist */,
				98F939A221B106A700C73993 /* main.m */,
			);
			path = ZHTuChong;
			sourceTree = "<group>";
		};
		98F939AB21B106A700C73993 /* ZHTuChongTests */ = {
			isa = PBXGroup;
			children = (
				98F939AC21B106A700C73993 /* ZHTuChongTests.m */,
				98F939AE21B106A700C73993 /* Info.plist */,
			);
			path = ZHTuChongTests;
			sourceTree = "<group>";
		};
		98F939B621B106A700C73993 /* ZHTuChongUITests */ = {
			isa = PBXGroup;
			children = (
				98F939B721B106A700C73993 /* ZHTuChongUITests.m */,
				98F939B921B106A700C73993 /* Info.plist */,
			);
			path = ZHTuChongUITests;
			sourceTree = "<group>";
		};
		98F93A0B21B3D84100C73993 /* ZHPagerView */ = {
			isa = PBXGroup;
			children = (
				98F93A0621B29B7700C73993 /* ZHScrollTitlesCollectionViewCell.h */,
				98F93A0721B29B7700C73993 /* ZHScrollTitlesCollectionViewCell.m */,
				98F93A0821B29B7700C73993 /* ZHScrollTitlesCollectionViewCell.xib */,
				98F93A0321B2775D00C73993 /* ZHScrollMenu.h */,
				98F93A0421B2775D00C73993 /* ZHScrollMenu.m */,
			);
			path = ZHPagerView;
			sourceTree = "<group>";
		};
		A11EFDA8815826C8EFE5D001 /* Pods */ = {
			isa = PBXGroup;
			children = (
				0E09BBDE1BD8DC4A235276EC /* Pods-ZHTuChong.debug.xcconfig */,
				C6F1EACD13063E811DDF3306 /* Pods-ZHTuChong.release.xcconfig */,
				906297617067BCC698F0B25E /* Pods-ZHTuChongTests.debug.xcconfig */,
				7B4ED7914B178E9C0EB3F23B /* Pods-ZHTuChongTests.release.xcconfig */,
				F3861D1DF2D3545FDD0D5A0D /* Pods-ZHTuChongUITests.debug.xcconfig */,
				48027454B4B0FD592B654034 /* Pods-ZHTuChongUITests.release.xcconfig */,
			);
			name = Pods;
			sourceTree = "<group>";
		};
/* End PBXGroup section */

/* Begin PBXNativeTarget section */
		98F9398F21B106A600C73993 /* ZHTuChong */ = {
			isa = PBXNativeTarget;
			buildConfigurationList = 98F939BC21B106A700C73993 /* Build configuration list for PBXNativeTarget "ZHTuChong" */;
			buildPhases = (
				9E5CB9C0F11975062F07BDA4 /* [CP] Check Pods Manifest.lock */,
				98F9398C21B106A600C73993 /* Sources */,
				98F9398D21B106A600C73993 /* Frameworks */,
				98F9398E21B106A600C73993 /* Resources */,
			);
			buildRules = (
			);
			dependencies = (
			);
			name = ZHTuChong;
			productName = ZHTuChong;
			productReference = 98F9399021B106A600C73993 /* ZHTuChong.app */;
			productType = "com.apple.product-type.application";
		};
		98F939A721B106A700C73993 /* ZHTuChongTests */ = {
			isa = PBXNativeTarget;
			buildConfigurationList = 98F939BF21B106A700C73993 /* Build configuration list for PBXNativeTarget "ZHTuChongTests" */;
			buildPhases = (
				E753D7EAA423EE0E994D4252 /* [CP] Check Pods Manifest.lock */,
				98F939A421B106A700C73993 /* Sources */,
				98F939A521B106A700C73993 /* Frameworks */,
				98F939A621B106A700C73993 /* Resources */,
			);
			buildRules = (
			);
			dependencies = (
				98F939AA21B106A700C73993 /* PBXTargetDependency */,
			);
			name = ZHTuChongTests;
			productName = ZHTuChongTests;
			productReference = 98F939A821B106A700C73993 /* ZHTuChongTests.xctest */;
			productType = "com.apple.product-type.bundle.unit-test";
		};
		98F939B221B106A700C73993 /* ZHTuChongUITests */ = {
			isa = PBXNativeTarget;
			buildConfigurationList = 98F939C221B106A700C73993 /* Build configuration list for PBXNativeTarget "ZHTuChongUITests" */;
			buildPhases = (
				EA4CDB791BEB33191ADC112F /* [CP] Check Pods Manifest.lock */,
				98F939AF21B106A700C73993 /* Sources */,
				98F939B021B106A700C73993 /* Frameworks */,
				98F939B121B106A700C73993 /* Resources */,
			);
			buildRules = (
			);
			dependencies = (
				98F939B521B106A700C73993 /* PBXTargetDependency */,
			);
			name = ZHTuChongUITests;
			productName = ZHTuChongUITests;
			productReference = 98F939B321B106A700C73993 /* ZHTuChongUITests.xctest */;
			productType = "com.apple.product-type.bundle.ui-testing";
		};
/* End PBXNativeTarget section */

/* Begin PBXProject section */
		98F9398821B106A600C73993 /* Project object */ = {
			isa = PBXProject;
			attributes = {
				LastUpgradeCheck = 1010;
				ORGANIZATIONNAME = "左梓豪";
				TargetAttributes = {
					98F9398F21B106A600C73993 = {
						CreatedOnToolsVersion = 10.1;
					};
					98F939A721B106A700C73993 = {
						CreatedOnToolsVersion = 10.1;
						TestTargetID = 98F9398F21B106A600C73993;
					};
					98F939B221B106A700C73993 = {
						CreatedOnToolsVersion = 10.1;
						TestTargetID = 98F9398F21B106A600C73993;
					};
				};
			};
			buildConfigurationList = 98F9398B21B106A600C73993 /* Build configuration list for PBXProject "ZHTuChong" */;
			compatibilityVersion = "Xcode 9.3";
			developmentRegion = en;
			hasScannedForEncodings = 0;
			knownRegions = (
				en,
				Base,
			);
			mainGroup = 98F9398721B106A600C73993;
			productRefGroup = 98F9399121B106A600C73993 /* Products */;
			projectDirPath = "";
			projectRoot = "";
			targets = (
				98F9398F21B106A600C73993 /* ZHTuChong */,
				98F939A721B106A700C73993 /* ZHTuChongTests */,
				98F939B221B106A700C73993 /* ZHTuChongUITests */,
			);
		};
/* End PBXProject section */

/* Begin PBXResourcesBuildPhase section */
		98F9398E21B106A600C73993 /* Resources */ = {
			isa = PBXResourcesBuildPhase;
			buildActionMask = 2147483647;
			files = (
				98F939A021B106A700C73993 /* LaunchScreen.storyboard in Resources */,
				98F9399D21B106A700C73993 /* Assets.xcassets in Resources */,
				98F93A0A21B29B7700C73993 /* ZHScrollTitlesCollectionViewCell.xib in Resources */,
				98F9399B21B106A600C73993 /* Main.storyboard in Resources */,
			);
			runOnlyForDeploymentPostprocessing = 0;
		};
		98F939A621B106A700C73993 /* Resources */ = {
			isa = PBXResourcesBuildPhase;
			buildActionMask = 2147483647;
			files = (
			);
			runOnlyForDeploymentPostprocessing = 0;
		};
		98F939B121B106A700C73993 /* Resources */ = {
			isa = PBXResourcesBuildPhase;
			buildActionMask = 2147483647;
			files = (
			);
			runOnlyForDeploymentPostprocessing = 0;
		};
/* End PBXResourcesBuildPhase section */

/* Begin PBXShellScriptBuildPhase section */
		9E5CB9C0F11975062F07BDA4 /* [CP] Check Pods Manifest.lock */ = {
			isa = PBXShellScriptBuildPhase;
			buildActionMask = 2147483647;
			files = (
			);
			inputFileListPaths = (
			);
			inputPaths = (
				"${PODS_PODFILE_DIR_PATH}/Podfile.lock",
				"${PODS_ROOT}/Manifest.lock",
			);
			name = "[CP] Check Pods Manifest.lock";
			outputFileListPaths = (
			);
			outputPaths = (
				"$(DERIVED_FILE_DIR)/Pods-ZHTuChong-checkManifestLockResult.txt",
			);
			runOnlyForDeploymentPostprocessing = 0;
			shellPath = /bin/sh;
			shellScript = "diff \"${PODS_PODFILE_DIR_PATH}/Podfile.lock\" \"${PODS_ROOT}/Manifest.lock\" > /dev/null\nif [ $? != 0 ] ; then\n    # print error to STDERR\n    echo \"error: The sandbox is not in sync with the Podfile.lock. Run 'pod install' or update your CocoaPods installation.\" >&2\n    exit 1\nfi\n# This output is used by Xcode 'outputs' to avoid re-running this script phase.\necho \"SUCCESS\" > \"${SCRIPT_OUTPUT_FILE_0}\"\n";
			showEnvVarsInLog = 0;
		};
		E753D7EAA423EE0E994D4252 /* [CP] Check Pods Manifest.lock */ = {
			isa = PBXShellScriptBuildPhase;
			buildActionMask = 2147483647;
			files = (
			);
			inputFileListPaths = (
			);
			inputPaths = (
				"${PODS_PODFILE_DIR_PATH}/Podfile.lock",
				"${PODS_ROOT}/Manifest.lock",
			);
			name = "[CP] Check Pods Manifest.lock";
			outputFileListPaths = (
			);
			outputPaths = (
				"$(DERIVED_FILE_DIR)/Pods-ZHTuChongTests-checkManifestLockResult.txt",
			);
			runOnlyForDeploymentPostprocessing = 0;
			shellPath = /bin/sh;
			shellScript = "diff \"${PODS_PODFILE_DIR_PATH}/Podfile.lock\" \"${PODS_ROOT}/Manifest.lock\" > /dev/null\nif [ $? != 0 ] ; then\n    # print error to STDERR\n    echo \"error: The sandbox is not in sync with the Podfile.lock. Run 'pod install' or update your CocoaPods installation.\" >&2\n    exit 1\nfi\n# This output is used by Xcode 'outputs' to avoid re-running this script phase.\necho \"SUCCESS\" > \"${SCRIPT_OUTPUT_FILE_0}\"\n";
			showEnvVarsInLog = 0;
		};
		EA4CDB791BEB33191ADC112F /* [CP] Check Pods Manifest.lock */ = {
			isa = PBXShellScriptBuildPhase;
			buildActionMask = 2147483647;
			files = (
			);
			inputFileListPaths = (
			);
			inputPaths = (
				"${PODS_PODFILE_DIR_PATH}/Podfile.lock",
				"${PODS_ROOT}/Manifest.lock",
			);
			name = "[CP] Check Pods Manifest.lock";
			outputFileListPaths = (
			);
			outputPaths = (
				"$(DERIVED_FILE_DIR)/Pods-ZHTuChongUITests-checkManifestLockResult.txt",
			);
			runOnlyForDeploymentPostprocessing = 0;
			shellPath = /bin/sh;
			shellScript = "diff \"${PODS_PODFILE_DIR_PATH}/Podfile.lock\" \"${PODS_ROOT}/Manifest.lock\" > /dev/null\nif [ $? != 0 ] ; then\n    # print error to STDERR\n    echo \"error: The sandbox is not in sync with the Podfile.lock. Run 'pod install' or update your CocoaPods installation.\" >&2\n    exit 1\nfi\n# This output is used by Xcode 'outputs' to avoid re-running this script phase.\necho \"SUCCESS\" > \"${SCRIPT_OUTPUT_FILE_0}\"\n";
			showEnvVarsInLog = 0;
		};
/* End PBXShellScriptBuildPhase section */

/* Begin PBXSourcesBuildPhase section */
		98F9398C21B106A600C73993 /* Sources */ = {
			isa = PBXSourcesBuildPhase;
			buildActionMask = 2147483647;
			files = (
				98F9399821B106A600C73993 /* ViewController.m in Sources */,
				98F939A321B106A700C73993 /* main.m in Sources */,
				98F93A0921B29B7700C73993 /* ZHScrollTitlesCollectionViewCell.m in Sources */,
				98F9399521B106A600C73993 /* AppDelegate.m in Sources */,
				98F93A0521B2775D00C73993 /* ZHScrollMenu.m in Sources */,
			);
			runOnlyForDeploymentPostprocessing = 0;
		};
		98F939A421B106A700C73993 /* Sources */ = {
			isa = PBXSourcesBuildPhase;
			buildActionMask = 2147483647;
			files = (
				98F939AD21B106A700C73993 /* ZHTuChongTests.m in Sources */,
			);
			runOnlyForDeploymentPostprocessing = 0;
		};
		98F939AF21B106A700C73993 /* Sources */ = {
			isa = PBXSourcesBuildPhase;
			buildActionMask = 2147483647;
			files = (
				98F939B821B106A700C73993 /* ZHTuChongUITests.m in Sources */,
			);
			runOnlyForDeploymentPostprocessing = 0;
		};
/* End PBXSourcesBuildPhase section */

/* Begin PBXTargetDependency section */
		98F939AA21B106A700C73993 /* PBXTargetDependency */ = {
			isa = PBXTargetDependency;
			target = 98F9398F21B106A600C73993 /* ZHTuChong */;
			targetProxy = 98F939A921B106A700C73993 /* PBXContainerItemProxy */;
		};
		98F939B521B106A700C73993 /* PBXTargetDependency */ = {
			isa = PBXTargetDependency;
			target = 98F9398F21B106A600C73993 /* ZHTuChong */;
			targetProxy = 98F939B421B106A700C73993 /* PBXContainerItemProxy */;
		};
/* End PBXTargetDependency section */

/* Begin PBXVariantGroup section */
		98F9399921B106A600C73993 /* Main.storyboard */ = {
			isa = PBXVariantGroup;
			children = (
				98F9399A21B106A600C73993 /* Base */,
			);
			name = Main.storyboard;
			sourceTree = "<group>";
		};
		98F9399E21B106A700C73993 /* LaunchScreen.storyboard */ = {
			isa = PBXVariantGroup;
			children = (
				98F9399F21B106A700C73993 /* Base */,
			);
			name = LaunchScreen.storyboard;
			sourceTree = "<group>";
		};
/* End PBXVariantGroup section */

/* Begin XCBuildConfiguration section */
		98F939BA21B106A700C73993 /* Debug */ = {
			isa = XCBuildConfiguration;
			buildSettings = {
				ALWAYS_SEARCH_USER_PATHS = NO;
				CLANG_ANALYZER_NONNULL = YES;
				CLANG_ANALYZER_NUMBER_OBJECT_CONVERSION = YES_AGGRESSIVE;
				CLANG_CXX_LANGUAGE_STANDARD = "gnu++14";
				CLANG_CXX_LIBRARY = "libc++";
				CLANG_ENABLE_MODULES = YES;
				CLANG_ENABLE_OBJC_ARC = YES;
				CLANG_ENABLE_OBJC_WEAK = YES;
				CLANG_WARN_BLOCK_CAPTURE_AUTORELEASING = YES;
				CLANG_WARN_BOOL_CONVERSION = YES;
				CLANG_WARN_COMMA = YES;
				CLANG_WARN_CONSTANT_CONVERSION = YES;
				CLANG_WARN_DEPRECATED_OBJC_IMPLEMENTATIONS = YES;
				CLANG_WARN_DIRECT_OBJC_ISA_USAGE = YES_ERROR;
				CLANG_WARN_DOCUMENTATION_COMMENTS = YES;
				CLANG_WARN_EMPTY_BODY = YES;
				CLANG_WARN_ENUM_CONVERSION = YES;
				CLANG_WARN_INFINITE_RECURSION = YES;
				CLANG_WARN_INT_CONVERSION = YES;
				CLANG_WARN_NON_LITERAL_NULL_CONVERSION = YES;
				CLANG_WARN_OBJC_IMPLICIT_RETAIN_SELF = YES;
				CLANG_WARN_OBJC_LITERAL_CONVERSION = YES;
				CLANG_WARN_OBJC_ROOT_CLASS = YES_ERROR;
				CLANG_WARN_RANGE_LOOP_ANALYSIS = YES;
				CLANG_WARN_STRICT_PROTOTYPES = YES;
				CLANG_WARN_SUSPICIOUS_MOVE = YES;
				CLANG_WARN_UNGUARDED_AVAILABILITY = YES_AGGRESSIVE;
				CLANG_WARN_UNREACHABLE_CODE = YES;
				CLANG_WARN__DUPLICATE_METHOD_MATCH = YES;
				CODE_SIGN_IDENTITY = "iPhone Developer";
				COPY_PHASE_STRIP = NO;
				DEBUG_INFORMATION_FORMAT = dwarf;
				ENABLE_STRICT_OBJC_MSGSEND = YES;
				ENABLE_TESTABILITY = YES;
				GCC_C_LANGUAGE_STANDARD = gnu11;
				GCC_DYNAMIC_NO_PIC = NO;
				GCC_NO_COMMON_BLOCKS = YES;
				GCC_OPTIMIZATION_LEVEL = 0;
				GCC_PREPROCESSOR_DEFINITIONS = (
					"DEBUG=1",
					"$(inherited)",
				);
				GCC_WARN_64_TO_32_BIT_CONVERSION = YES;
				GCC_WARN_ABOUT_RETURN_TYPE = YES_ERROR;
				GCC_WARN_UNDECLARED_SELECTOR = YES;
				GCC_WARN_UNINITIALIZED_AUTOS = YES_AGGRESSIVE;
				GCC_WARN_UNUSED_FUNCTION = YES;
				GCC_WARN_UNUSED_VARIABLE = YES;
				IPHONEOS_DEPLOYMENT_TARGET = 12.1;
				MTL_ENABLE_DEBUG_INFO = INCLUDE_SOURCE;
				MTL_FAST_MATH = YES;
				ONLY_ACTIVE_ARCH = YES;
				SDKROOT = iphoneos;
			};
			name = Debug;
		};
		98F939BB21B106A700C73993 /* Release */ = {
			isa = XCBuildConfiguration;
			buildSettings = {
				ALWAYS_SEARCH_USER_PATHS = NO;
				CLANG_ANALYZER_NONNULL = YES;
				CLANG_ANALYZER_NUMBER_OBJECT_CONVERSION = YES_AGGRESSIVE;
				CLANG_CXX_LANGUAGE_STANDARD = "gnu++14";
				CLANG_CXX_LIBRARY = "libc++";
				CLANG_ENABLE_MODULES = YES;
				CLANG_ENABLE_OBJC_ARC = YES;
				CLANG_ENABLE_OBJC_WEAK = YES;
				CLANG_WARN_BLOCK_CAPTURE_AUTORELEASING = YES;
				CLANG_WARN_BOOL_CONVERSION = YES;
				CLANG_WARN_COMMA = YES;
				CLANG_WARN_CONSTANT_CONVERSION = YES;
				CLANG_WARN_DEPRECATED_OBJC_IMPLEMENTATIONS = YES;
				CLANG_WARN_DIRECT_OBJC_ISA_USAGE = YES_ERROR;
				CLANG_WARN_DOCUMENTATION_COMMENTS = YES;
				CLANG_WARN_EMPTY_BODY = YES;
				CLANG_WARN_ENUM_CONVERSION = YES;
				CLANG_WARN_INFINITE_RECURSION = YES;
				CLANG_WARN_INT_CONVERSION = YES;
				CLANG_WARN_NON_LITERAL_NULL_CONVERSION = YES;
				CLANG_WARN_OBJC_IMPLICIT_RETAIN_SELF = YES;
				CLANG_WARN_OBJC_LITERAL_CONVERSION = YES;
				CLANG_WARN_OBJC_ROOT_CLASS = YES_ERROR;
				CLANG_WARN_RANGE_LOOP_ANALYSIS = YES;
				CLANG_WARN_STRICT_PROTOTYPES = YES;
				CLANG_WARN_SUSPICIOUS_MOVE = YES;
				CLANG_WARN_UNGUARDED_AVAILABILITY = YES_AGGRESSIVE;
				CLANG_WARN_UNREACHABLE_CODE = YES;
				CLANG_WARN__DUPLICATE_METHOD_MATCH = YES;
				CODE_SIGN_IDENTITY = "iPhone Developer";
				COPY_PHASE_STRIP = NO;
				DEBUG_INFORMATION_FORMAT = "dwarf-with-dsym";
				ENABLE_NS_ASSERTIONS = NO;
				ENABLE_STRICT_OBJC_MSGSEND = YES;
				GCC_C_LANGUAGE_STANDARD = gnu11;
				GCC_NO_COMMON_BLOCKS = YES;
				GCC_WARN_64_TO_32_BIT_CONVERSION = YES;
				GCC_WARN_ABOUT_RETURN_TYPE = YES_ERROR;
				GCC_WARN_UNDECLARED_SELECTOR = YES;
				GCC_WARN_UNINITIALIZED_AUTOS = YES_AGGRESSIVE;
				GCC_WARN_UNUSED_FUNCTION = YES;
				GCC_WARN_UNUSED_VARIABLE = YES;
				IPHONEOS_DEPLOYMENT_TARGET = 12.1;
				MTL_ENABLE_DEBUG_INFO = NO;
				MTL_FAST_MATH = YES;
				SDKROOT = iphoneos;
				VALIDATE_PRODUCT = YES;
			};
			name = Release;
		};
		98F939BD21B106A700C73993 /* Debug */ = {
			isa = XCBuildConfiguration;
			baseConfigurationReference = 0E09BBDE1BD8DC4A235276EC /* Pods-ZHTuChong.debug.xcconfig */;
			buildSettings = {
				ASSETCATALOG_COMPILER_APPICON_NAME = AppIcon;
				CODE_SIGN_STYLE = Automatic;
				DEVELOPMENT_TEAM = TKG3NVTEMK;
				INFOPLIST_FILE = ZHTuChong/Info.plist;
				LD_RUNPATH_SEARCH_PATHS = (
					"$(inherited)",
					"@executable_path/Frameworks",
				);
				PRODUCT_BUNDLE_IDENTIFIER = iFox.ZHTuChong;
				PRODUCT_NAME = "$(TARGET_NAME)";
				TARGETED_DEVICE_FAMILY = "1,2";
			};
			name = Debug;
		};
		98F939BE21B106A700C73993 /* Release */ = {
			isa = XCBuildConfiguration;
			baseConfigurationReference = C6F1EACD13063E811DDF3306 /* Pods-ZHTuChong.release.xcconfig */;
			buildSettings = {
				ASSETCATALOG_COMPILER_APPICON_NAME = AppIcon;
				CODE_SIGN_STYLE = Automatic;
				DEVELOPMENT_TEAM = TKG3NVTEMK;
				INFOPLIST_FILE = ZHTuChong/Info.plist;
				LD_RUNPATH_SEARCH_PATHS = (
					"$(inherited)",
					"@executable_path/Frameworks",
				);
				PRODUCT_BUNDLE_IDENTIFIER = iFox.ZHTuChong;
				PRODUCT_NAME = "$(TARGET_NAME)";
				TARGETED_DEVICE_FAMILY = "1,2";
			};
			name = Release;
		};
		98F939C021B106A700C73993 /* Debug */ = {
			isa = XCBuildConfiguration;
			baseConfigurationReference = 906297617067BCC698F0B25E /* Pods-ZHTuChongTests.debug.xcconfig */;
			buildSettings = {
				BUNDLE_LOADER = "$(TEST_HOST)";
				CODE_SIGN_STYLE = Automatic;
				DEVELOPMENT_TEAM = TKG3NVTEMK;
				INFOPLIST_FILE = ZHTuChongTests/Info.plist;
				LD_RUNPATH_SEARCH_PATHS = (
					"$(inherited)",
					"@executable_path/Frameworks",
					"@loader_path/Frameworks",
				);
				PRODUCT_BUNDLE_IDENTIFIER = iFox.ZHTuChongTests;
				PRODUCT_NAME = "$(TARGET_NAME)";
				TARGETED_DEVICE_FAMILY = "1,2";
				TEST_HOST = "$(BUILT_PRODUCTS_DIR)/ZHTuChong.app/ZHTuChong";
			};
			name = Debug;
		};
		98F939C121B106A700C73993 /* Release */ = {
			isa = XCBuildConfiguration;
			baseConfigurationReference = 7B4ED7914B178E9C0EB3F23B /* Pods-ZHTuChongTests.release.xcconfig */;
			buildSettings = {
				BUNDLE_LOADER = "$(TEST_HOST)";
				CODE_SIGN_STYLE = Automatic;
				DEVELOPMENT_TEAM = TKG3NVTEMK;
				INFOPLIST_FILE = ZHTuChongTests/Info.plist;
				LD_RUNPATH_SEARCH_PATHS = (
					"$(inherited)",
					"@executable_path/Frameworks",
					"@loader_path/Frameworks",
				);
				PRODUCT_BUNDLE_IDENTIFIER = iFox.ZHTuChongTests;
				PRODUCT_NAME = "$(TARGET_NAME)";
				TARGETED_DEVICE_FAMILY = "1,2";
				TEST_HOST = "$(BUILT_PRODUCTS_DIR)/ZHTuChong.app/ZHTuChong";
			};
			name = Release;
		};
		98F939C321B106A700C73993 /* Debug */ = {
			isa = XCBuildConfiguration;
			baseConfigurationReference = F3861D1DF2D3545FDD0D5A0D /* Pods-ZHTuChongUITests.debug.xcconfig */;
			buildSettings = {
				CODE_SIGN_STYLE = Automatic;
				DEVELOPMENT_TEAM = TKG3NVTEMK;
				INFOPLIST_FILE = ZHTuChongUITests/Info.plist;
				LD_RUNPATH_SEARCH_PATHS = (
					"$(inherited)",
					"@executable_path/Frameworks",
					"@loader_path/Frameworks",
				);
				PRODUCT_BUNDLE_IDENTIFIER = iFox.ZHTuChongUITests;
				PRODUCT_NAME = "$(TARGET_NAME)";
				TARGETED_DEVICE_FAMILY = "1,2";
				TEST_TARGET_NAME = ZHTuChong;
			};
			name = Debug;
		};
		98F939C421B106A700C73993 /* Release */ = {
			isa = XCBuildConfiguration;
			baseConfigurationReference = 48027454B4B0FD592B654034 /* Pods-ZHTuChongUITests.release.xcconfig */;
			buildSettings = {
				CODE_SIGN_STYLE = Automatic;
				DEVELOPMENT_TEAM = TKG3NVTEMK;
				INFOPLIST_FILE = ZHTuChongUITests/Info.plist;
				LD_RUNPATH_SEARCH_PATHS = (
					"$(inherited)",
					"@executable_path/Frameworks",
					"@loader_path/Frameworks",
				);
				PRODUCT_BUNDLE_IDENTIFIER = iFox.ZHTuChongUITests;
				PRODUCT_NAME = "$(TARGET_NAME)";
				TARGETED_DEVICE_FAMILY = "1,2";
				TEST_TARGET_NAME = ZHTuChong;
			};
			name = Release;
		};
/* End XCBuildConfiguration section */

/* Begin XCConfigurationList section */
		98F9398B21B106A600C73993 /* Build configuration list for PBXProject "ZHTuChong" */ = {
			isa = XCConfigurationList;
			buildConfigurations = (
				98F939BA21B106A700C73993 /* Debug */,
				98F939BB21B106A700C73993 /* Release */,
			);
			defaultConfigurationIsVisible = 0;
			defaultConfigurationName = Release;
		};
		98F939BC21B106A700C73993 /* Build configuration list for PBXNativeTarget "ZHTuChong" */ = {
			isa = XCConfigurationList;
			buildConfigurations = (
				98F939BD21B106A700C73993 /* Debug */,
				98F939BE21B106A700C73993 /* Release */,
			);
			defaultConfigurationIsVisible = 0;
			defaultConfigurationName = Release;
		};
		98F939BF21B106A700C73993 /* Build configuration list for PBXNativeTarget "ZHTuChongTests" */ = {
			isa = XCConfigurationList;
			buildConfigurations = (
				98F939C021B106A700C73993 /* Debug */,
				98F939C121B106A700C73993 /* Release */,
			);
			defaultConfigurationIsVisible = 0;
			defaultConfigurationName = Release;
		};
		98F939C221B106A700C73993 /* Build configuration list for PBXNativeTarget "ZHTuChongUITests" */ = {
			isa = XCConfigurationList;
			buildConfigurations = (
				98F939C321B106A700C73993 /* Debug */,
				98F939C421B106A700C73993 /* Release */,
			);
			defaultConfigurationIsVisible = 0;
			defaultConfigurationName = Release;
		};
/* End XCConfigurationList section */
	};
	rootObject = 98F9398821B106A600C73993 /* Project object */;
}
